
Microsoft Visual Studio Solution File, Format Version 12.00
# Visual Studio Version 16
VisualStudioVersion = 16.0.29411.108
MinimumVisualStudioVersion = 10.0.40219.1
Project("{FAE04EC0-301F-11D3-BF4B-00C04F79EFBC}") = "CodeFirstEFAssignment", "CodeFirstEFAssignment\CodeFirstEFAssignment.csproj", "{028C1CFA-46B0-4FBD-A76C-DD9C551FFFCB}"
EndProject
Global
	GlobalSection(SolutionConfigurationPlatforms) = preSolution
		Debug|Any CPU = Debug|Any CPU
		Release|Any CPU = Release|Any CPU
	EndGlobalSection
	GlobalSection(ProjectConfigurationPlatforms) = postSolution
		{028C1CFA-46B0-4FBD-A76C-DD9C551FFFCB}.Debug|Any CPU.ActiveCfg = Debug|Any CPU
		{028C1CFA-46B0-4FBD-A76C-DD9C551FFFCB}.Debug|Any CPU.Build.0 = Debug|Any CPU
		{028C1CFA-46B0-4FBD-A76C-DD9C551FFFCB}.Release|Any CPU.ActiveCfg = Release|Any CPU
		{028C1CFA-46B0-4FBD-A76C-DD9C551FFFCB}.Release|Any CPU.Build.0 = Release|Any CPU
	EndGlobalSection
	GlobalSection(SolutionProperties) = preSolution
		HideSolutionNode = FALSE
	EndGlobalSection
	GlobalSection(ExtensibilityGlobals) = postSolution
		SolutionGuid = {14230B89-B89B-4094-937F-4136F8590788}
	EndGlobalSection
EndGlobal
